// !$*UTF8*$!
{
	archiveVersion = 1;
	classes = {
	};
	objectVersion = 50;
	objects = {

/* Begin PBXBuildFile section */
		0C89F207264FA748003A1052 /* AppDelegate.swift in Sources */ = {isa = PBXBuildFile; fileRef = 0C89F206264FA748003A1052 /* AppDelegate.swift */; };
		0C89F209264FA748003A1052 /* SceneDelegate.swift in Sources */ = {isa = PBXBuildFile; fileRef = 0C89F208264FA748003A1052 /* SceneDelegate.swift */; };
		0C89F20B264FA748003A1052 /* ViewController.swift in Sources */ = {isa = PBXBuildFile; fileRef = 0C89F20A264FA748003A1052 /* ViewController.swift */; };
		0C89F20E264FA748003A1052 /* Main.storyboard in Resources */ = {isa = PBXBuildFile; fileRef = 0C89F20C264FA748003A1052 /* Main.storyboard */; };
		0C89F210264FA74A003A1052 /* Assets.xcassets in Resources */ = {isa = PBXBuildFile; fileRef = 0C89F20F264FA74A003A1052 /* Assets.xcassets */; };
		0C89F213264FA74A003A1052 /* LaunchScreen.storyboard in Resources */ = {isa = PBXBuildFile; fileRef = 0C89F211264FA74A003A1052 /* LaunchScreen.storyboard */; };
		0C89F21E264FA74A003A1052 /* TechMonTests.swift in Sources */ = {isa = PBXBuildFile; fileRef = 0C89F21D264FA74A003A1052 /* TechMonTests.swift */; };
		0C89F229264FA74A003A1052 /* TechMonUITests.swift in Sources */ = {isa = PBXBuildFile; fileRef = 0C89F228264FA74A003A1052 /* TechMonUITests.swift */; };
		0C89F263264FAEF7003A1052 /* LobbyViewContrller.swift in Sources */ = {isa = PBXBuildFile; fileRef = 0C89F262264FAEF7003A1052 /* LobbyViewContrller.swift */; };
		0C89F265264FAF0E003A1052 /* BattleViewController.swift in Sources */ = {isa = PBXBuildFile; fileRef = 0C89F264264FAF0E003A1052 /* BattleViewController.swift */; };
		0C89F2A3264FB9D6003A1052 /* lobby.png in Resources */ = {isa = PBXBuildFile; fileRef = 0C89F28F264FB9D6003A1052 /* lobby.png */; };
		0C89F2A4264FB9D6003A1052 /* battlebg.png in Resources */ = {isa = PBXBuildFile; fileRef = 0C89F290264FB9D6003A1052 /* battlebg.png */; };
		0C89F2A5264FB9D6003A1052 /* bgimage.jpg in Resources */ = {isa = PBXBuildFile; fileRef = 0C89F291264FB9D6003A1052 /* bgimage.jpg */; };
		0C89F2A6264FB9D6003A1052 /* waku.png in Resources */ = {isa = PBXBuildFile; fileRef = 0C89F292264FB9D6003A1052 /* waku.png */; };
		0C89F2A7264FB9D6003A1052 /* gold_button.png in Resources */ = {isa = PBXBuildFile; fileRef = 0C89F293264FB9D6003A1052 /* gold_button.png */; };
		0C89F2A8264FB9D6003A1052 /* yusya.png in Resources */ = {isa = PBXBuildFile; fileRef = 0C89F294264FB9D6003A1052 /* yusya.png */; };
		0C89F2A9264FB9D6003A1052 /* monster.png in Resources */ = {isa = PBXBuildFile; fileRef = 0C89F295264FB9D6003A1052 /* monster.png */; };
		0C89F2AA264FB9D6003A1052 /* TechMonManager.swift in Sources */ = {isa = PBXBuildFile; fileRef = 0C89F297264FB9D6003A1052 /* TechMonManager.swift */; };
		0C89F2AB264FB9D6003A1052 /* Character.swift in Sources */ = {isa = PBXBuildFile; fileRef = 0C89F298264FB9D6003A1052 /* Character.swift */; };
		0C89F2AC264FB9D6003A1052 /* SE_fanfare.mp3 in Resources */ = {isa = PBXBuildFile; fileRef = 0C89F29A264FB9D6003A1052 /* SE_fanfare.mp3 */; };
		0C89F2AD264FB9D6003A1052 /* BGM_battle001.mp3 in Resources */ = {isa = PBXBuildFile; fileRef = 0C89F29B264FB9D6003A1052 /* BGM_battle001.mp3 */; };
		0C89F2AE264FB9D6003A1052 /* SE_fire.mp3 in Resources */ = {isa = PBXBuildFile; fileRef = 0C89F29C264FB9D6003A1052 /* SE_fire.mp3 */; };
		0C89F2AF264FB9D6003A1052 /* SE_attack.mp3 in Resources */ = {isa = PBXBuildFile; fileRef = 0C89F29D264FB9D6003A1052 /* SE_attack.mp3 */; };
		0C89F2B0264FB9D6003A1052 /* SE_gameover.mp3 in Resources */ = {isa = PBXBuildFile; fileRef = 0C89F29E264FB9D6003A1052 /* SE_gameover.mp3 */; };
		0C89F2B1264FB9D6003A1052 /* SE_charge.mp3 in Resources */ = {isa = PBXBuildFile; fileRef = 0C89F29F264FB9D6003A1052 /* SE_charge.mp3 */; };
		0C89F2B2264FB9D6003A1052 /* lobby.mp3 in Resources */ = {isa = PBXBuildFile; fileRef = 0C89F2A0264FB9D6003A1052 /* lobby.mp3 */; };
		0C89F2B3264FB9D6003A1052 /* misaki_gothic.ttf in Resources */ = {isa = PBXBuildFile; fileRef = 0C89F2A2264FB9D6003A1052 /* misaki_gothic.ttf */; };
/* End PBXBuildFile section */

/* Begin PBXContainerItemProxy section */
		0C89F21A264FA74A003A1052 /* PBXContainerItemProxy */ = {
			isa = PBXContainerItemProxy;
			containerPortal = 0C89F1FB264FA748003A1052 /* Project object */;
			proxyType = 1;
			remoteGlobalIDString = 0C89F202264FA748003A1052;
			remoteInfo = TechMon;
		};
		0C89F225264FA74A003A1052 /* PBXContainerItemProxy */ = {
			isa = PBXContainerItemProxy;
			containerPortal = 0C89F1FB264FA748003A1052 /* Project object */;
			proxyType = 1;
			remoteGlobalIDString = 0C89F202264FA748003A1052;
			remoteInfo = TechMon;
		};
/* End PBXContainerItemProxy section */

/* Begin PBXFileReference section */
		0C89F203264FA748003A1052 /* TechMon.app */ = {isa = PBXFileReference; explicitFileType = wrapper.application; includeInIndex = 0; path = TechMon.app; sourceTree = BUILT_PRODUCTS_DIR; };
		0C89F206264FA748003A1052 /* AppDelegate.swift */ = {isa = PBXFileReference; lastKnownFileType = sourcecode.swift; path = AppDelegate.swift; sourceTree = "<group>"; };
		0C89F208264FA748003A1052 /* SceneDelegate.swift */ = {isa = PBXFileReference; lastKnownFileType = sourcecode.swift; path = SceneDelegate.swift; sourceTree = "<group>"; };
		0C89F20A264FA748003A1052 /* ViewController.swift */ = {isa = PBXFileReference; lastKnownFileType = sourcecode.swift; path = ViewController.swift; sourceTree = "<group>"; };
		0C89F20D264FA748003A1052 /* Base */ = {isa = PBXFileReference; lastKnownFileType = file.storyboard; name = Base; path = Base.lproj/Main.storyboard; sourceTree = "<group>"; };
		0C89F20F264FA74A003A1052 /* Assets.xcassets */ = {isa = PBXFileReference; lastKnownFileType = folder.assetcatalog; path = Assets.xcassets; sourceTree = "<group>"; };
		0C89F212264FA74A003A1052 /* Base */ = {isa = PBXFileReference; lastKnownFileType = file.storyboard; name = Base; path = Base.lproj/LaunchScreen.storyboard; sourceTree = "<group>"; };
		0C89F214264FA74A003A1052 /* Info.plist */ = {isa = PBXFileReference; lastKnownFileType = text.plist.xml; path = Info.plist; sourceTree = "<group>"; };
		0C89F219264FA74A003A1052 /* TechMonTests.xctest */ = {isa = PBXFileReference; explicitFileType = wrapper.cfbundle; includeInIndex = 0; path = TechMonTests.xctest; sourceTree = BUILT_PRODUCTS_DIR; };
		0C89F21D264FA74A003A1052 /* TechMonTests.swift */ = {isa = PBXFileReference; lastKnownFileType = sourcecode.swift; path = TechMonTests.swift; sourceTree = "<group>"; };
		0C89F21F264FA74A003A1052 /* Info.plist */ = {isa = PBXFileReference; lastKnownFileType = text.plist.xml; path = Info.plist; sourceTree = "<group>"; };
		0C89F224264FA74A003A1052 /* TechMonUITests.xctest */ = {isa = PBXFileReference; explicitFileType = wrapper.cfbundle; includeInIndex = 0; path = TechMonUITests.xctest; sourceTree = BUILT_PRODUCTS_DIR; };
		0C89F228264FA74A003A1052 /* TechMonUITests.swift */ = {isa = PBXFileReference; lastKnownFileType = sourcecode.swift; path = TechMonUITests.swift; sourceTree = "<group>"; };
		0C89F22A264FA74A003A1052 /* Info.plist */ = {isa = PBXFileReference; lastKnownFileType = text.plist.xml; path = Info.plist; sourceTree = "<group>"; };
		0C89F262264FAEF7003A1052 /* LobbyViewContrller.swift */ = {isa = PBXFileReference; lastKnownFileType = sourcecode.swift; path = LobbyViewContrller.swift; sourceTree = "<group>"; };
		0C89F264264FAF0E003A1052 /* BattleViewController.swift */ = {isa = PBXFileReference; lastKnownFileType = sourcecode.swift; path = BattleViewController.swift; sourceTree = "<group>"; };
		0C89F28F264FB9D6003A1052 /* lobby.png */ = {isa = PBXFileReference; lastKnownFileType = image.png; path = lobby.png; sourceTree = "<group>"; };
		0C89F290264FB9D6003A1052 /* battlebg.png */ = {isa = PBXFileReference; lastKnownFileType = image.png; path = battlebg.png; sourceTree = "<group>"; };
		0C89F291264FB9D6003A1052 /* bgimage.jpg */ = {isa = PBXFileReference; lastKnownFileType = image.jpeg; path = bgimage.jpg; sourceTree = "<group>"; };
		0C89F292264FB9D6003A1052 /* waku.png */ = {isa = PBXFileReference; lastKnownFileType = image.png; path = waku.png; sourceTree = "<group>"; };
		0C89F293264FB9D6003A1052 /* gold_button.png */ = {isa = PBXFileReference; lastKnownFileType = image.png; path = gold_button.png; sourceTree = "<group>"; };
		0C89F294264FB9D6003A1052 /* yusya.png */ = {isa = PBXFileReference; lastKnownFileType = image.png; path = yusya.png; sourceTree = "<group>"; };
		0C89F295264FB9D6003A1052 /* monster.png */ = {isa = PBXFileReference; lastKnownFileType = image.png; path = monster.png; sourceTree = "<group>"; };
		0C89F297264FB9D6003A1052 /* TechMonManager.swift */ = {isa = PBXFileReference; fileEncoding = 4; lastKnownFileType = sourcecode.swift; path = TechMonManager.swift; sourceTree = "<group>"; };
		0C89F298264FB9D6003A1052 /* Character.swift */ = {isa = PBXFileReference; fileEncoding = 4; lastKnownFileType = sourcecode.swift; path = Character.swift; sourceTree = "<group>"; };
		0C89F29A264FB9D6003A1052 /* SE_fanfare.mp3 */ = {isa = PBXFileReference; lastKnownFileType = audio.mp3; path = SE_fanfare.mp3; sourceTree = "<group>"; };
		0C89F29B264FB9D6003A1052 /* BGM_battle001.mp3 */ = {isa = PBXFileReference; lastKnownFileType = audio.mp3; path = BGM_battle001.mp3; sourceTree = "<group>"; };
		0C89F29C264FB9D6003A1052 /* SE_fire.mp3 */ = {isa = PBXFileReference; lastKnownFileType = audio.mp3; path = SE_fire.mp3; sourceTree = "<group>"; };
		0C89F29D264FB9D6003A1052 /* SE_attack.mp3 */ = {isa = PBXFileReference; lastKnownFileType = audio.mp3; path = SE_attack.mp3; sourceTree = "<group>"; };
		0C89F29E264FB9D6003A1052 /* SE_gameover.mp3 */ = {isa = PBXFileReference; lastKnownFileType = audio.mp3; path = SE_gameover.mp3; sourceTree = "<group>"; };
		0C89F29F264FB9D6003A1052 /* SE_charge.mp3 */ = {isa = PBXFileReference; lastKnownFileType = audio.mp3; path = SE_charge.mp3; sourceTree = "<group>"; };
		0C89F2A0264FB9D6003A1052 /* lobby.mp3 */ = {isa = PBXFileReference; lastKnownFileType = audio.mp3; path = lobby.mp3; sourceTree = "<group>"; };
		0C89F2A2264FB9D6003A1052 /* misaki_gothic.ttf */ = {isa = PBXFileReference; lastKnownFileType = file; path = misaki_gothic.ttf; sourceTree = "<group>"; };
/* End PBXFileReference section */

/* Begin PBXFrameworksBuildPhase section */
		0C89F200264FA748003A1052 /* Frameworks */ = {
			isa = PBXFrameworksBuildPhase;
			buildActionMask = 2147483647;
			files = (
			);
			runOnlyForDeploymentPostprocessing = 0;
		};
		0C89F216264FA74A003A1052 /* Frameworks */ = {
			isa = PBXFrameworksBuildPhase;
			buildActionMask = 2147483647;
			files = (
			);
			runOnlyForDeploymentPostprocessing = 0;
		};
		0C89F221264FA74A003A1052 /* Frameworks */ = {
			isa = PBXFrameworksBuildPhase;
			buildActionMask = 2147483647;
			files = (
			);
			runOnlyForDeploymentPostprocessing = 0;
		};
/* End PBXFrameworksBuildPhase section */

/* Begin PBXGroup section */
		0C89F1FA264FA748003A1052 = {
			isa = PBXGroup;
			children = (
				0C89F205264FA748003A1052 /* TechMon */,
				0C89F21C264FA74A003A1052 /* TechMonTests */,
				0C89F227264FA74A003A1052 /* TechMonUITests */,
				0C89F204264FA748003A1052 /* Products */,
			);
			sourceTree = "<group>";
		};
		0C89F204264FA748003A1052 /* Products */ = {
			isa = PBXGroup;
			children = (
				0C89F203264FA748003A1052 /* TechMon.app */,
				0C89F219264FA74A003A1052 /* TechMonTests.xctest */,
				0C89F224264FA74A003A1052 /* TechMonUITests.xctest */,
			);
			name = Products;
			sourceTree = "<group>";
		};
		0C89F205264FA748003A1052 /* TechMon */ = {
			isa = PBXGroup;
			children = (
				0C89F28D264FB9D6003A1052 /* TechMon_Resource */,
				0C89F297264FB9D6003A1052 /* TechMonManager.swift */,
				0C89F206264FA748003A1052 /* AppDelegate.swift */,
				0C89F298264FB9D6003A1052 /* Character.swift */,
				0C89F208264FA748003A1052 /* SceneDelegate.swift */,
				0C89F20A264FA748003A1052 /* ViewController.swift */,
				0C89F20C264FA748003A1052 /* Main.storyboard */,
				0C89F20F264FA74A003A1052 /* Assets.xcassets */,
				0C89F211264FA74A003A1052 /* LaunchScreen.storyboard */,
				0C89F214264FA74A003A1052 /* Info.plist */,
				0C89F262264FAEF7003A1052 /* LobbyViewContrller.swift */,
				0C89F264264FAF0E003A1052 /* BattleViewController.swift */,
			);
			path = TechMon;
			sourceTree = "<group>";
		};
		0C89F21C264FA74A003A1052 /* TechMonTests */ = {
			isa = PBXGroup;
			children = (
				0C89F21D264FA74A003A1052 /* TechMonTests.swift */,
				0C89F21F264FA74A003A1052 /* Info.plist */,
			);
			path = TechMonTests;
			sourceTree = "<group>";
		};
		0C89F227264FA74A003A1052 /* TechMonUITests */ = {
			isa = PBXGroup;
			children = (
				0C89F228264FA74A003A1052 /* TechMonUITests.swift */,
				0C89F22A264FA74A003A1052 /* Info.plist */,
			);
			path = TechMonUITests;
			sourceTree = "<group>";
		};
		0C89F28D264FB9D6003A1052 /* TechMon_Resource */ = {
			isa = PBXGroup;
			children = (
				0C89F28E264FB9D6003A1052 /* Images */,
				0C89F296264FB9D6003A1052 /* Models */,
				0C89F299264FB9D6003A1052 /* Sounds */,
				0C89F2A1264FB9D6003A1052 /* Fonts */,
			);
			path = TechMon_Resource;
			sourceTree = "<group>";
		};
		0C89F28E264FB9D6003A1052 /* Images */ = {
			isa = PBXGroup;
			children = (
				0C89F28F264FB9D6003A1052 /* lobby.png */,
				0C89F290264FB9D6003A1052 /* battlebg.png */,
				0C89F291264FB9D6003A1052 /* bgimage.jpg */,
				0C89F292264FB9D6003A1052 /* waku.png */,
				0C89F293264FB9D6003A1052 /* gold_button.png */,
				0C89F294264FB9D6003A1052 /* yusya.png */,
				0C89F295264FB9D6003A1052 /* monster.png */,
			);
			path = Images;
			sourceTree = "<group>";
		};
		0C89F296264FB9D6003A1052 /* Models */ = {
			isa = PBXGroup;
			children = (
			);
			path = Models;
			sourceTree = "<group>";
		};
		0C89F299264FB9D6003A1052 /* Sounds */ = {
			isa = PBXGroup;
			children = (
				0C89F29A264FB9D6003A1052 /* SE_fanfare.mp3 */,
				0C89F29B264FB9D6003A1052 /* BGM_battle001.mp3 */,
				0C89F29C264FB9D6003A1052 /* SE_fire.mp3 */,
				0C89F29D264FB9D6003A1052 /* SE_attack.mp3 */,
				0C89F29E264FB9D6003A1052 /* SE_gameover.mp3 */,
				0C89F29F264FB9D6003A1052 /* SE_charge.mp3 */,
				0C89F2A0264FB9D6003A1052 /* lobby.mp3 */,
			);
			path = Sounds;
			sourceTree = "<group>";
		};
		0C89F2A1264FB9D6003A1052 /* Fonts */ = {
			isa = PBXGroup;
			children = (
				0C89F2A2264FB9D6003A1052 /* misaki_gothic.ttf */,
			);
			path = Fonts;
			sourceTree = "<group>";
		};
/* End PBXGroup section */

/* Begin PBXNativeTarget section */
		0C89F202264FA748003A1052 /* TechMon */ = {
			isa = PBXNativeTarget;
			buildConfigurationList = 0C89F22D264FA74A003A1052 /* Build configuration list for PBXNativeTarget "TechMon" */;
			buildPhases = (
				0C89F1FF264FA748003A1052 /* Sources */,
				0C89F200264FA748003A1052 /* Frameworks */,
				0C89F201264FA748003A1052 /* Resources */,
			);
			buildRules = (
			);
			dependencies = (
			);
			name = TechMon;
			productName = TechMon;
			productReference = 0C89F203264FA748003A1052 /* TechMon.app */;
			productType = "com.apple.product-type.application";
		};
		0C89F218264FA74A003A1052 /* TechMonTests */ = {
			isa = PBXNativeTarget;
			buildConfigurationList = 0C89F230264FA74A003A1052 /* Build configuration list for PBXNativeTarget "TechMonTests" */;
			buildPhases = (
				0C89F215264FA74A003A1052 /* Sources */,
				0C89F216264FA74A003A1052 /* Frameworks */,
				0C89F217264FA74A003A1052 /* Resources */,
			);
			buildRules = (
			);
			dependencies = (
				0C89F21B264FA74A003A1052 /* PBXTargetDependency */,
			);
			name = TechMonTests;
			productName = TechMonTests;
			productReference = 0C89F219264FA74A003A1052 /* TechMonTests.xctest */;
			productType = "com.apple.product-type.bundle.unit-test";
		};
		0C89F223264FA74A003A1052 /* TechMonUITests */ = {
			isa = PBXNativeTarget;
			buildConfigurationList = 0C89F233264FA74A003A1052 /* Build configuration list for PBXNativeTarget "TechMonUITests" */;
			buildPhases = (
				0C89F220264FA74A003A1052 /* Sources */,
				0C89F221264FA74A003A1052 /* Frameworks */,
				0C89F222264FA74A003A1052 /* Resources */,
			);
			buildRules = (
			);
			dependencies = (
				0C89F226264FA74A003A1052 /* PBXTargetDependency */,
			);
			name = TechMonUITests;
			productName = TechMonUITests;
			productReference = 0C89F224264FA74A003A1052 /* TechMonUITests.xctest */;
			productType = "com.apple.product-type.bundle.ui-testing";
		};
/* End PBXNativeTarget section */

/* Begin PBXProject section */
		0C89F1FB264FA748003A1052 /* Project object */ = {
			isa = PBXProject;
			attributes = {
				LastSwiftUpdateCheck = 1250;
				LastUpgradeCheck = 1250;
				TargetAttributes = {
					0C89F202264FA748003A1052 = {
						CreatedOnToolsVersion = 12.5;
					};
					0C89F218264FA74A003A1052 = {
						CreatedOnToolsVersion = 12.5;
						TestTargetID = 0C89F202264FA748003A1052;
					};
					0C89F223264FA74A003A1052 = {
						CreatedOnToolsVersion = 12.5;
						TestTargetID = 0C89F202264FA748003A1052;
					};
				};
			};
			buildConfigurationList = 0C89F1FE264FA748003A1052 /* Build configuration list for PBXProject "TechMon" */;
			compatibilityVersion = "Xcode 9.3";
			developmentRegion = en;
			hasScannedForEncodings = 0;
			knownRegions = (
				en,
				Base,
			);
			mainGroup = 0C89F1FA264FA748003A1052;
			productRefGroup = 0C89F204264FA748003A1052 /* Products */;
			projectDirPath = "";
			projectRoot = "";
			targets = (
				0C89F202264FA748003A1052 /* TechMon */,
				0C89F218264FA74A003A1052 /* TechMonTests */,
				0C89F223264FA74A003A1052 /* TechMonUITests */,
			);
		};
/* End PBXProject section */

/* Begin PBXResourcesBuildPhase section */
		0C89F201264FA748003A1052 /* Resources */ = {
			isa = PBXResourcesBuildPhase;
			buildActionMask = 2147483647;
			files = (
				0C89F2B1264FB9D6003A1052 /* SE_charge.mp3 in Resources */,
				0C89F2AD264FB9D6003A1052 /* BGM_battle001.mp3 in Resources */,
				0C89F2A5264FB9D6003A1052 /* bgimage.jpg in Resources */,
				0C89F2B3264FB9D6003A1052 /* misaki_gothic.ttf in Resources */,
				0C89F2AC264FB9D6003A1052 /* SE_fanfare.mp3 in Resources */,
				0C89F2A6264FB9D6003A1052 /* waku.png in Resources */,
				0C89F2A3264FB9D6003A1052 /* lobby.png in Resources */,
				0C89F2A4264FB9D6003A1052 /* battlebg.png in Resources */,
				0C89F213264FA74A003A1052 /* LaunchScreen.storyboard in Resources */,
				0C89F2AF264FB9D6003A1052 /* SE_attack.mp3 in Resources */,
				0C89F210264FA74A003A1052 /* Assets.xcassets in Resources */,
				0C89F2A7264FB9D6003A1052 /* gold_button.png in Resources */,
				0C89F2A8264FB9D6003A1052 /* yusya.png in Resources */,
				0C89F2A9264FB9D6003A1052 /* monster.png in Resources */,
				0C89F2B0264FB9D6003A1052 /* SE_gameover.mp3 in Resources */,
				0C89F2AE264FB9D6003A1052 /* SE_fire.mp3 in Resources */,
				0C89F20E264FA748003A1052 /* Main.storyboard in Resources */,
				0C89F2B2264FB9D6003A1052 /* lobby.mp3 in Resources */,
			);
			runOnlyForDeploymentPostprocessing = 0;
		};
		0C89F217264FA74A003A1052 /* Resources */ = {
			isa = PBXResourcesBuildPhase;
			buildActionMask = 2147483647;
			files = (
			);
			runOnlyForDeploymentPostprocessing = 0;
		};
		0C89F222264FA74A003A1052 /* Resources */ = {
			isa = PBXResourcesBuildPhase;
			buildActionMask = 2147483647;
			files = (
			);
			runOnlyForDeploymentPostprocessing = 0;
		};
/* End PBXResourcesBuildPhase section */

/* Begin PBXSourcesBuildPhase section */
		0C89F1FF264FA748003A1052 /* Sources */ = {
			isa = PBXSourcesBuildPhase;
			buildActionMask = 2147483647;
			files = (
				0C89F265264FAF0E003A1052 /* BattleViewController.swift in Sources */,
				0C89F20B264FA748003A1052 /* ViewController.swift in Sources */,
				0C89F2AA264FB9D6003A1052 /* TechMonManager.swift in Sources */,
				0C89F207264FA748003A1052 /* AppDelegate.swift in Sources */,
				0C89F209264FA748003A1052 /* SceneDelegate.swift in Sources */,
				0C89F2AB264FB9D6003A1052 /* Character.swift in Sources */,
				0C89F263264FAEF7003A1052 /* LobbyViewContrller.swift in Sources */,
			);
			runOnlyForDeploymentPostprocessing = 0;
		};
		0C89F215264FA74A003A1052 /* Sources */ = {
			isa = PBXSourcesBuildPhase;
			buildActionMask = 2147483647;
			files = (
				0C89F21E264FA74A003A1052 /* TechMonTests.swift in Sources */,
			);
			runOnlyForDeploymentPostprocessing = 0;
		};
		0C89F220264FA74A003A1052 /* Sources */ = {
			isa = PBXSourcesBuildPhase;
			buildActionMask = 2147483647;
			files = (
				0C89F229264FA74A003A1052 /* TechMonUITests.swift in Sources */,
			);
			runOnlyForDeploymentPostprocessing = 0;
		};
/* End PBXSourcesBuildPhase section */

/* Begin PBXTargetDependency section */
		0C89F21B264FA74A003A1052 /* PBXTargetDependency */ = {
			isa = PBXTargetDependency;
			target = 0C89F202264FA748003A1052 /* TechMon */;
			targetProxy = 0C89F21A264FA74A003A1052 /* PBXContainerItemProxy */;
		};
		0C89F226264FA74A003A1052 /* PBXTargetDependency */ = {
			isa = PBXTargetDependency;
			target = 0C89F202264FA748003A1052 /* TechMon */;
			targetProxy = 0C89F225264FA74A003A1052 /* PBXContainerItemProxy */;
		};
/* End PBXTargetDependency section */

/* Begin PBXVariantGroup section */
		0C89F20C264FA748003A1052 /* Main.storyboard */ = {
			isa = PBXVariantGroup;
			children = (
				0C89F20D264FA748003A1052 /* Base */,
			);
			name = Main.storyboard;
			sourceTree = "<group>";
		};
		0C89F211264FA74A003A1052 /* LaunchScreen.storyboard */ = {
			isa = PBXVariantGroup;
			children = (
				0C89F212264FA74A003A1052 /* Base */,
			);
			name = LaunchScreen.storyboard;
			sourceTree = "<group>";
		};
/* End PBXVariantGroup section */

/* Begin XCBuildConfiguration section */
		0C89F22B264FA74A003A1052 /* Debug */ = {
			isa = XCBuildConfiguration;
			buildSettings = {
				ALWAYS_SEARCH_USER_PATHS = NO;
				CLANG_ANALYZER_NONNULL = YES;
				CLANG_ANALYZER_NUMBER_OBJECT_CONVERSION = YES_AGGRESSIVE;
				CLANG_CXX_LANGUAGE_STANDARD = "gnu++14";
				CLANG_CXX_LIBRARY = "libc++";
				CLANG_ENABLE_MODULES = YES;
				CLANG_ENABLE_OBJC_ARC = YES;
				CLANG_ENABLE_OBJC_WEAK = YES;
				CLANG_WARN_BLOCK_CAPTURE_AUTORELEASING = YES;
				CLANG_WARN_BOOL_CONVERSION = YES;
				CLANG_WARN_COMMA = YES;
				CLANG_WARN_CONSTANT_CONVERSION = YES;
				CLANG_WARN_DEPRECATED_OBJC_IMPLEMENTATIONS = YES;
				CLANG_WARN_DIRECT_OBJC_ISA_USAGE = YES_ERROR;
				CLANG_WARN_DOCUMENTATION_COMMENTS = YES;
				CLANG_WARN_EMPTY_BODY = YES;
				CLANG_WARN_ENUM_CONVERSION = YES;
				CLANG_WARN_INFINITE_RECURSION = YES;
				CLANG_WARN_INT_CONVERSION = YES;
				CLANG_WARN_NON_LITERAL_NULL_CONVERSION = YES;
				CLANG_WARN_OBJC_IMPLICIT_RETAIN_SELF = YES;
				CLANG_WARN_OBJC_LITERAL_CONVERSION = YES;
				CLANG_WARN_OBJC_ROOT_CLASS = YES_ERROR;
				CLANG_WARN_QUOTED_INCLUDE_IN_FRAMEWORK_HEADER = YES;
				CLANG_WARN_RANGE_LOOP_ANALYSIS = YES;
				CLANG_WARN_STRICT_PROTOTYPES = YES;
				CLANG_WARN_SUSPICIOUS_MOVE = YES;
				CLANG_WARN_UNGUARDED_AVAILABILITY = YES_AGGRESSIVE;
				CLANG_WARN_UNREACHABLE_CODE = YES;
				CLANG_WARN__DUPLICATE_METHOD_MATCH = YES;
				COPY_PHASE_STRIP = NO;
				DEBUG_INFORMATION_FORMAT = dwarf;
				ENABLE_STRICT_OBJC_MSGSEND = YES;
				ENABLE_TESTABILITY = YES;
				GCC_C_LANGUAGE_STANDARD = gnu11;
				GCC_DYNAMIC_NO_PIC = NO;
				GCC_NO_COMMON_BLOCKS = YES;
				GCC_OPTIMIZATION_LEVEL = 0;
				GCC_PREPROCESSOR_DEFINITIONS = (
					"DEBUG=1",
					"$(inherited)",
				);
				GCC_WARN_64_TO_32_BIT_CONVERSION = YES;
				GCC_WARN_ABOUT_RETURN_TYPE = YES_ERROR;
				GCC_WARN_UNDECLARED_SELECTOR = YES;
				GCC_WARN_UNINITIALIZED_AUTOS = YES_AGGRESSIVE;
				GCC_WARN_UNUSED_FUNCTION = YES;
				GCC_WARN_UNUSED_VARIABLE = YES;
				IPHONEOS_DEPLOYMENT_TARGET = 14.5;
				MTL_ENABLE_DEBUG_INFO = INCLUDE_SOURCE;
				MTL_FAST_MATH = YES;
				ONLY_ACTIVE_ARCH = YES;
				SDKROOT = iphoneos;
				SWIFT_ACTIVE_COMPILATION_CONDITIONS = DEBUG;
				SWIFT_OPTIMIZATION_LEVEL = "-Onone";
			};
			name = Debug;
		};
		0C89F22C264FA74A003A1052 /* Release */ = {
			isa = XCBuildConfiguration;
			buildSettings = {
				ALWAYS_SEARCH_USER_PATHS = NO;
				CLANG_ANALYZER_NONNULL = YES;
				CLANG_ANALYZER_NUMBER_OBJECT_CONVERSION = YES_AGGRESSIVE;
				CLANG_CXX_LANGUAGE_STANDARD = "gnu++14";
				CLANG_CXX_LIBRARY = "libc++";
				CLANG_ENABLE_MODULES = YES;
				CLANG_ENABLE_OBJC_ARC = YES;
				CLANG_ENABLE_OBJC_WEAK = YES;
				CLANG_WARN_BLOCK_CAPTURE_AUTORELEASING = YES;
				CLANG_WARN_BOOL_CONVERSION = YES;
				CLANG_WARN_COMMA = YES;
				CLANG_WARN_CONSTANT_CONVERSION = YES;
				CLANG_WARN_DEPRECATED_OBJC_IMPLEMENTATIONS = YES;
				CLANG_WARN_DIRECT_OBJC_ISA_USAGE = YES_ERROR;
				CLANG_WARN_DOCUMENTATION_COMMENTS = YES;
				CLANG_WARN_EMPTY_BODY = YES;
				CLANG_WARN_ENUM_CONVERSION = YES;
				CLANG_WARN_INFINITE_RECURSION = YES;
				CLANG_WARN_INT_CONVERSION = YES;
				CLANG_WARN_NON_LITERAL_NULL_CONVERSION = YES;
				CLANG_WARN_OBJC_IMPLICIT_RETAIN_SELF = YES;
				CLANG_WARN_OBJC_LITERAL_CONVERSION = YES;
				CLANG_WARN_OBJC_ROOT_CLASS = YES_ERROR;
				CLANG_WARN_QUOTED_INCLUDE_IN_FRAMEWORK_HEADER = YES;
				CLANG_WARN_RANGE_LOOP_ANALYSIS = YES;
				CLANG_WARN_STRICT_PROTOTYPES = YES;
				CLANG_WARN_SUSPICIOUS_MOVE = YES;
				CLANG_WARN_UNGUARDED_AVAILABILITY = YES_AGGRESSIVE;
				CLANG_WARN_UNREACHABLE_CODE = YES;
				CLANG_WARN__DUPLICATE_METHOD_MATCH = YES;
				COPY_PHASE_STRIP = NO;
				DEBUG_INFORMATION_FORMAT = "dwarf-with-dsym";
				ENABLE_NS_ASSERTIONS = NO;
				ENABLE_STRICT_OBJC_MSGSEND = YES;
				GCC_C_LANGUAGE_STANDARD = gnu11;
				GCC_NO_COMMON_BLOCKS = YES;
				GCC_WARN_64_TO_32_BIT_CONVERSION = YES;
				GCC_WARN_ABOUT_RETURN_TYPE = YES_ERROR;
				GCC_WARN_UNDECLARED_SELECTOR = YES;
				GCC_WARN_UNINITIALIZED_AUTOS = YES_AGGRESSIVE;
				GCC_WARN_UNUSED_FUNCTION = YES;
				GCC_WARN_UNUSED_VARIABLE = YES;
				IPHONEOS_DEPLOYMENT_TARGET = 14.5;
				MTL_ENABLE_DEBUG_INFO = NO;
				MTL_FAST_MATH = YES;
				SDKROOT = iphoneos;
				SWIFT_COMPILATION_MODE = wholemodule;
				SWIFT_OPTIMIZATION_LEVEL = "-O";
				VALIDATE_PRODUCT = YES;
			};
			name = Release;
		};
		0C89F22E264FA74A003A1052 /* Debug */ = {
			isa = XCBuildConfiguration;
			buildSettings = {
				ASSETCATALOG_COMPILER_APPICON_NAME = AppIcon;
				ASSETCATALOG_COMPILER_GLOBAL_ACCENT_COLOR_NAME = AccentColor;
				CODE_SIGN_STYLE = Automatic;
				DEVELOPMENT_TEAM = MFF76WM77L;
				INFOPLIST_FILE = TechMon/Info.plist;
				LD_RUNPATH_SEARCH_PATHS = (
					"$(inherited)",
					"@executable_path/Frameworks",
				);
				PRODUCT_BUNDLE_IDENTIFIER = com.yamarin.yamada.TechMon;
				PRODUCT_NAME = "$(TARGET_NAME)";
				SWIFT_VERSION = 5.0;
				TARGETED_DEVICE_FAMILY = "1,2";
			};
			name = Debug;
		};
		0C89F22F264FA74A003A1052 /* Release */ = {
			isa = XCBuildConfiguration;
			buildSettings = {
				ASSETCATALOG_COMPILER_APPICON_NAME = AppIcon;
				ASSETCATALOG_COMPILER_GLOBAL_ACCENT_COLOR_NAME = AccentColor;
				CODE_SIGN_STYLE = Automatic;
				INFOPLIST_FILE = TechMon/Info.plist;
				LD_RUNPATH_SEARCH_PATHS = (
					"$(inherited)",
					"@executable_path/Frameworks",
				);
				PRODUCT_BUNDLE_IDENTIFIER = com.litech.TechMon;
				PRODUCT_NAME = "$(TARGET_NAME)";
				SWIFT_VERSION = 5.0;
				TARGETED_DEVICE_FAMILY = "1,2";
			};
			name = Release;
		};
		0C89F231264FA74A003A1052 /* Debug */ = {
			isa = XCBuildConfiguration;
			buildSettings = {
				ALWAYS_EMBED_SWIFT_STANDARD_LIBRARIES = YES;
				BUNDLE_LOADER = "$(TEST_HOST)";
				CODE_SIGN_STYLE = Automatic;
				INFOPLIST_FILE = TechMonTests/Info.plist;
				IPHONEOS_DEPLOYMENT_TARGET = 14.5;
				LD_RUNPATH_SEARCH_PATHS = (
					"$(inherited)",
					"@executable_path/Frameworks",
					"@loader_path/Frameworks",
				);
				PRODUCT_BUNDLE_IDENTIFIER = app.yamarin.yamada.TechMonTests;
				PRODUCT_NAME = "$(TARGET_NAME)";
				SWIFT_VERSION = 5.0;
				TARGETED_DEVICE_FAMILY = "1,2";
				TEST_HOST = "$(BUILT_PRODUCTS_DIR)/TechMon.app/TechMon";
			};
			name = Debug;
		};
		0C89F232264FA74A003A1052 /* Release */ = {
			isa = XCBuildConfiguration;
			buildSettings = {
				ALWAYS_EMBED_SWIFT_STANDARD_LIBRARIES = YES;
				BUNDLE_LOADER = "$(TEST_HOST)";
				CODE_SIGN_STYLE = Automatic;
				INFOPLIST_FILE = TechMonTests/Info.plist;
				IPHONEOS_DEPLOYMENT_TARGET = 14.5;
				LD_RUNPATH_SEARCH_PATHS = (
					"$(inherited)",
					"@executable_path/Frameworks",
					"@loader_path/Frameworks",
				);
				PRODUCT_BUNDLE_IDENTIFIER = app.yamarin.yamada.TechMonTests;
				PRODUCT_NAME = "$(TARGET_NAME)";
				SWIFT_VERSION = 5.0;
				TARGETED_DEVICE_FAMILY = "1,2";
				TEST_HOST = "$(BUILT_PRODUCTS_DIR)/TechMon.app/TechMon";
			};
			name = Release;
		};
		0C89F234264FA74A003A1052 /* Debug */ = {
			isa = XCBuildConfiguration;
			buildSettings = {
				ALWAYS_EMBED_SWIFT_STANDARD_LIBRARIES = YES;
				CODE_SIGN_STYLE = Automatic;
				INFOPLIST_FILE = TechMonUITests/Info.plist;
				LD_RUNPATH_SEARCH_PATHS = (
					"$(inherited)",
					"@executable_path/Frameworks",
					"@loader_path/Frameworks",
				);
				PRODUCT_BUNDLE_IDENTIFIER = app.yamarin.yamada.TechMonUITests;
				PRODUCT_NAME = "$(TARGET_NAME)";
				SWIFT_VERSION = 5.0;
				TARGETED_DEVICE_FAMILY = "1,2";
				TEST_TARGET_NAME = TechMon;
			};
			name = Debug;
		};
		0C89F235264FA74A003A1052 /* Release */ = {
			isa = XCBuildConfiguration;
			buildSettings = {
				ALWAYS_EMBED_SWIFT_STANDARD_LIBRARIES = YES;
				CODE_SIGN_STYLE = Automatic;
				INFOPLIST_FILE = TechMonUITests/Info.plist;
				LD_RUNPATH_SEARCH_PATHS = (
					"$(inherited)",
					"@executable_path/Frameworks",
					"@loader_path/Frameworks",
				);
				PRODUCT_BUNDLE_IDENTIFIER = app.yamarin.yamada.TechMonUITests;
				PRODUCT_NAME = "$(TARGET_NAME)";
				SWIFT_VERSION = 5.0;
				TARGETED_DEVICE_FAMILY = "1,2";
				TEST_TARGET_NAME = TechMon;
			};
			name = Release;
		};
/* End XCBuildConfiguration section */

/* Begin XCConfigurationList section */
		0C89F1FE264FA748003A1052 /* Build configuration list for PBXProject "TechMon" */ = {
			isa = XCConfigurationList;
			buildConfigurations = (
				0C89F22B264FA74A003A1052 /* Debug */,
				0C89F22C264FA74A003A1052 /* Release */,
			);
			defaultConfigurationIsVisible = 0;
			defaultConfigurationName = Release;
		};
		0C89F22D264FA74A003A1052 /* Build configuration list for PBXNativeTarget "TechMon" */ = {
			isa = XCConfigurationList;
			buildConfigurations = (
				0C89F22E264FA74A003A1052 /* Debug */,
				0C89F22F264FA74A003A1052 /* Release */,
			);
			defaultConfigurationIsVisible = 0;
			defaultConfigurationName = Release;
		};
		0C89F230264FA74A003A1052 /* Build configuration list for PBXNativeTarget "TechMonTests" */ = {
			isa = XCConfigurationList;
			buildConfigurations = (
				0C89F231264FA74A003A1052 /* Debug */,
				0C89F232264FA74A003A1052 /* Release */,
			);
			defaultConfigurationIsVisible = 0;
			defaultConfigurationName = Release;
		};
		0C89F233264FA74A003A1052 /* Build configuration list for PBXNativeTarget "TechMonUITests" */ = {
			isa = XCConfigurationList;
			buildConfigurations = (
				0C89F234264FA74A003A1052 /* Debug */,
				0C89F235264FA74A003A1052 /* Release */,
			);
			defaultConfigurationIsVisible = 0;
			defaultConfigurationName = Release;
		};
/* End XCConfigurationList section */
	};
	rootObject = 0C89F1FB264FA748003A1052 /* Project object */;
}
